
Microsoft Visual Studio Solution File, Format Version 12.00
# Visual Studio 15
VisualStudioVersion = 15.0.28307.136
MinimumVisualStudioVersion = 10.0.40219.1
Project("{FAE04EC0-301F-11D3-BF4B-00C04F79EFBC}") = "FastWell.UnitTestExamples", "FastWell.UnitTestExamples\FastWell.UnitTestExamples.csproj", "{DB6775BC-2CC9-46CB-9BA5-A725C3FB7CDC}"
EndProject
Global
	GlobalSection(SolutionConfigurationPlatforms) = preSolution
		Debug|Any CPU = Debug|Any CPU
		Release|Any CPU = Release|Any CPU
	EndGlobalSection
	GlobalSection(ProjectConfigurationPlatforms) = postSolution
		{DB6775BC-2CC9-46CB-9BA5-A725C3FB7CDC}.Debug|Any CPU.ActiveCfg = Debug|Any CPU
		{DB6775BC-2CC9-46CB-9BA5-A725C3FB7CDC}.Debug|Any CPU.Build.0 = Debug|Any CPU
		{DB6775BC-2CC9-46CB-9BA5-A725C3FB7CDC}.Release|Any CPU.ActiveCfg = Release|Any CPU
		{DB6775BC-2CC9-46CB-9BA5-A725C3FB7CDC}.Release|Any CPU.Build.0 = Release|Any CPU
	EndGlobalSection
	GlobalSection(SolutionProperties) = preSolution
		HideSolutionNode = FALSE
	EndGlobalSection
	GlobalSection(ExtensibilityGlobals) = postSolution
		SolutionGuid = {EA15D70A-884A-49E3-BB9F-B556931BC9D8}
	EndGlobalSection
EndGlobal
